<?xml version="1.0" encoding="utf-8"?>
<Project ToolsVersion="4.0" xmlns="http://schemas.microsoft.com/developer/msbuild/2003">
  <ItemGroup>
    <FxCompile Include="Shaders\PBR_VS.hlsl">
      <Filter>Shaders</Filter>
    </FxCompile>
    <FxCompile Include="Shaders\PBR_PS.hlsl">
      <Filter>Shaders</Filter>
    </FxCompile>
    <FxCompile Include="Shaders\skybox_ps.hlsl">
      <Filter>Shaders</Filter>
    </FxCompile>
    <FxCompile Include="Shaders\skybox_vs.hlsl">
      <Filter>Shaders</Filter>
    </FxCompile>
  </ItemGroup>
  <ItemGroup>
    <ClCompile Include="Camera.cpp" />
    <ClCompile Include="Dx11__4Q.cpp" />
    <ClCompile Include="Image.cpp" />
    <ClCompile Include="Mesh.cpp" />
    <ClCompile Include="Model.cpp" />
    <ClCompile Include="Structs.h" />
    <ClCompile Include="WinMainApp.cpp" />
  </ItemGroup>
  <ItemGroup>
    <ClInclude Include="Camera.h" />
    <ClInclude Include="Dx11__4Q.h" />
    <ClInclude Include="framework.h" />
    <ClInclude Include="Image.h" />
    <ClInclude Include="Mesh.h" />
    <ClInclude Include="Model.h" />
    <ClInclude Include="Resource.h" />
    <ClInclude Include="targetver.h" />
    <ClInclude Include="WinMainApp.h" />
  </ItemGroup>
  <ItemGroup>
    <ResourceCompile Include="Dx11__4Q.rc" />
  </ItemGroup>
  <ItemGroup>
    <Image Include="Dx11__4Q.ico" />
    <Image Include="small.ico" />
  </ItemGroup>
  <ItemGroup>
    <Filter Include="Shaders">
      <UniqueIdentifier>{74a79cc1-67f1-4620-989e-330a2588f615}</UniqueIdentifier>
    </Filter>
  </ItemGroup>
  <ItemGroup>
    <None Include="Shaders\PBR_Shead.fxh">
      <Filter>Shaders</Filter>
    </None>
    <None Include="Shaders\skybox.fxh">
      <Filter>Shaders</Filter>
    </None>
  </ItemGroup>
</Project>